// !$*UTF8*$!
{
	archiveVersion = 1;
	classes = {
	};
	objectVersion = 50;
	objects = {

/* Begin PBXBuildFile section */
		EE7265772646F59E006E1D26 /* EmojiGuessApp.swift in Sources */ = {isa = PBXBuildFile; fileRef = EE7265762646F59E006E1D26 /* EmojiGuessApp.swift */; };
		EE7265792646F59E006E1D26 /* EmojiGuessGameView.swift in Sources */ = {isa = PBXBuildFile; fileRef = EE7265782646F59E006E1D26 /* EmojiGuessGameView.swift */; };
		EE72657B2646F5A2006E1D26 /* Assets.xcassets in Resources */ = {isa = PBXBuildFile; fileRef = EE72657A2646F5A2006E1D26 /* Assets.xcassets */; };
		EE72657E2646F5A2006E1D26 /* Preview Assets.xcassets in Resources */ = {isa = PBXBuildFile; fileRef = EE72657D2646F5A2006E1D26 /* Preview Assets.xcassets */; };
		EEF0808B26551903004F9F93 /* LogicBoard.swift in Sources */ = {isa = PBXBuildFile; fileRef = EEF0808A26551903004F9F93 /* LogicBoard.swift */; };
		EEF0808E2656F0CE004F9F93 /* EmojiGuessGame.swift in Sources */ = {isa = PBXBuildFile; fileRef = EEF0808D2656F0CE004F9F93 /* EmojiGuessGame.swift */; };
/* End PBXBuildFile section */

/* Begin PBXFileReference section */
		EE7265732646F59E006E1D26 /* EmojiGuess.app */ = {isa = PBXFileReference; explicitFileType = wrapper.application; includeInIndex = 0; path = EmojiGuess.app; sourceTree = BUILT_PRODUCTS_DIR; };
		EE7265762646F59E006E1D26 /* EmojiGuessApp.swift */ = {isa = PBXFileReference; lastKnownFileType = sourcecode.swift; path = EmojiGuessApp.swift; sourceTree = "<group>"; };
		EE7265782646F59E006E1D26 /* EmojiGuessGameView.swift */ = {isa = PBXFileReference; lastKnownFileType = sourcecode.swift; path = EmojiGuessGameView.swift; sourceTree = "<group>"; };
		EE72657A2646F5A2006E1D26 /* Assets.xcassets */ = {isa = PBXFileReference; lastKnownFileType = folder.assetcatalog; path = Assets.xcassets; sourceTree = "<group>"; };
		EE72657D2646F5A2006E1D26 /* Preview Assets.xcassets */ = {isa = PBXFileReference; lastKnownFileType = folder.assetcatalog; path = "Preview Assets.xcassets"; sourceTree = "<group>"; };
		EE72657F2646F5A2006E1D26 /* Info.plist */ = {isa = PBXFileReference; lastKnownFileType = text.plist.xml; path = Info.plist; sourceTree = "<group>"; };
		EEF0808A26551903004F9F93 /* LogicBoard.swift */ = {isa = PBXFileReference; lastKnownFileType = sourcecode.swift; path = LogicBoard.swift; sourceTree = "<group>"; };
		EEF0808D2656F0CE004F9F93 /* EmojiGuessGame.swift */ = {isa = PBXFileReference; lastKnownFileType = sourcecode.swift; path = EmojiGuessGame.swift; sourceTree = "<group>"; };
/* End PBXFileReference section */

/* Begin PBXFrameworksBuildPhase section */
		EE7265702646F59D006E1D26 /* Frameworks */ = {
			isa = PBXFrameworksBuildPhase;
			buildActionMask = 2147483647;
			files = (
			);
			runOnlyForDeploymentPostprocessing = 0;
		};
/* End PBXFrameworksBuildPhase section */

/* Begin PBXGroup section */
		EE72656A2646F59D006E1D26 = {
			isa = PBXGroup;
			children = (
				EE7265752646F59E006E1D26 /* EmojiGuess */,
				EE7265742646F59E006E1D26 /* Products */,
			);
			sourceTree = "<group>";
		};
		EE7265742646F59E006E1D26 /* Products */ = {
			isa = PBXGroup;
			children = (
				EE7265732646F59E006E1D26 /* EmojiGuess.app */,
			);
			name = Products;
			sourceTree = "<group>";
		};
		EE7265752646F59E006E1D26 /* EmojiGuess */ = {
			isa = PBXGroup;
			children = (
				EE7265762646F59E006E1D26 /* EmojiGuessApp.swift */,
				EE7265782646F59E006E1D26 /* EmojiGuessGameView.swift */,
				EEF0808D2656F0CE004F9F93 /* EmojiGuessGame.swift */,
				EEF0808A26551903004F9F93 /* LogicBoard.swift */,
				EE72657A2646F5A2006E1D26 /* Assets.xcassets */,
				EE72657F2646F5A2006E1D26 /* Info.plist */,
				EE72657C2646F5A2006E1D26 /* Preview Content */,
			);
			path = EmojiGuess;
			sourceTree = "<group>";
		};
		EE72657C2646F5A2006E1D26 /* Preview Content */ = {
			isa = PBXGroup;
			children = (
				EE72657D2646F5A2006E1D26 /* Preview Assets.xcassets */,
			);
			path = "Preview Content";
			sourceTree = "<group>";
		};
/* End PBXGroup section */

/* Begin PBXNativeTarget section */
		EE7265722646F59D006E1D26 /* EmojiGuess */ = {
			isa = PBXNativeTarget;
			buildConfigurationList = EE7265822646F5A2006E1D26 /* Build configuration list for PBXNativeTarget "EmojiGuess" */;
			buildPhases = (
				EE72656F2646F59D006E1D26 /* Sources */,
				EE7265702646F59D006E1D26 /* Frameworks */,
				EE7265712646F59D006E1D26 /* Resources */,
			);
			buildRules = (
			);
			dependencies = (
			);
			name = EmojiGuess;
			productName = EmojiGuess;
			productReference = EE7265732646F59E006E1D26 /* EmojiGuess.app */;
			productType = "com.apple.product-type.application";
		};
/* End PBXNativeTarget section */

/* Begin PBXProject section */
		EE72656B2646F59D006E1D26 /* Project object */ = {
			isa = PBXProject;
			attributes = {
				LastSwiftUpdateCheck = 1240;
				LastUpgradeCheck = 1240;
				TargetAttributes = {
					EE7265722646F59D006E1D26 = {
						CreatedOnToolsVersion = 12.4;
					};
				};
			};
			buildConfigurationList = EE72656E2646F59D006E1D26 /* Build configuration list for PBXProject "EmojiGuess" */;
			compatibilityVersion = "Xcode 9.3";
			developmentRegion = en;
			hasScannedForEncodings = 0;
			knownRegions = (
				en,
				Base,
			);
			mainGroup = EE72656A2646F59D006E1D26;
			productRefGroup = EE7265742646F59E006E1D26 /* Products */;
			projectDirPath = "";
			projectRoot = "";
			targets = (
				EE7265722646F59D006E1D26 /* EmojiGuess */,
			);
		};
/* End PBXProject section */

/* Begin PBXResourcesBuildPhase section */
		EE7265712646F59D006E1D26 /* Resources */ = {
			isa = PBXResourcesBuildPhase;
			buildActionMask = 2147483647;
			files = (
				EE72657E2646F5A2006E1D26 /* Preview Assets.xcassets in Resources */,
				EE72657B2646F5A2006E1D26 /* Assets.xcassets in Resources */,
			);
			runOnlyForDeploymentPostprocessing = 0;
		};
/* End PBXResourcesBuildPhase section */

/* Begin PBXSourcesBuildPhase section */
		EE72656F2646F59D006E1D26 /* Sources */ = {
			isa = PBXSourcesBuildPhase;
			buildActionMask = 2147483647;
			files = (
				EEF0808E2656F0CE004F9F93 /* EmojiGuessGame.swift in Sources */,
				EEF0808B26551903004F9F93 /* LogicBoard.swift in Sources */,
				EE7265792646F59E006E1D26 /* EmojiGuessGameView.swift in Sources */,
				EE7265772646F59E006E1D26 /* EmojiGuessApp.swift in Sources */,
			);
			runOnlyForDeploymentPostprocessing = 0;
		};
/* End PBXSourcesBuildPhase section */

/* Begin XCBuildConfiguration section */
		EE7265802646F5A2006E1D26 /* Debug */ = {
			isa = XCBuildConfiguration;
			buildSettings = {
				ALWAYS_SEARCH_USER_PATHS = NO;
				CLANG_ANALYZER_NONNULL = YES;
				CLANG_ANALYZER_NUMBER_OBJECT_CONVERSION = YES_AGGRESSIVE;
				CLANG_CXX_LANGUAGE_STANDARD = "gnu++14";
				CLANG_CXX_LIBRARY = "libc++";
				CLANG_ENABLE_MODULES = YES;
				CLANG_ENABLE_OBJC_ARC = YES;
				CLANG_ENABLE_OBJC_WEAK = YES;
				CLANG_WARN_BLOCK_CAPTURE_AUTORELEASING = YES;
				CLANG_WARN_BOOL_CONVERSION = YES;
				CLANG_WARN_COMMA = YES;
				CLANG_WARN_CONSTANT_CONVERSION = YES;
				CLANG_WARN_DEPRECATED_OBJC_IMPLEMENTATIONS = YES;
				CLANG_WARN_DIRECT_OBJC_ISA_USAGE = YES_ERROR;
				CLANG_WARN_DOCUMENTATION_COMMENTS = YES;
				CLANG_WARN_EMPTY_BODY = YES;
				CLANG_WARN_ENUM_CONVERSION = YES;
				CLANG_WARN_INFINITE_RECURSION = YES;
				CLANG_WARN_INT_CONVERSION = YES;
				CLANG_WARN_NON_LITERAL_NULL_CONVERSION = YES;
				CLANG_WARN_OBJC_IMPLICIT_RETAIN_SELF = YES;
				CLANG_WARN_OBJC_LITERAL_CONVERSION = YES;
				CLANG_WARN_OBJC_ROOT_CLASS = YES_ERROR;
				CLANG_WARN_QUOTED_INCLUDE_IN_FRAMEWORK_HEADER = YES;
				CLANG_WARN_RANGE_LOOP_ANALYSIS = YES;
				CLANG_WARN_STRICT_PROTOTYPES = YES;
				CLANG_WARN_SUSPICIOUS_MOVE = YES;
				CLANG_WARN_UNGUARDED_AVAILABILITY = YES_AGGRESSIVE;
				CLANG_WARN_UNREACHABLE_CODE = YES;
				CLANG_WARN__DUPLICATE_METHOD_MATCH = YES;
				COPY_PHASE_STRIP = NO;
				DEBUG_INFORMATION_FORMAT = dwarf;
				ENABLE_STRICT_OBJC_MSGSEND = YES;
				ENABLE_TESTABILITY = YES;
				GCC_C_LANGUAGE_STANDARD = gnu11;
				GCC_DYNAMIC_NO_PIC = NO;
				GCC_NO_COMMON_BLOCKS = YES;
				GCC_OPTIMIZATION_LEVEL = 0;
				GCC_PREPROCESSOR_DEFINITIONS = (
					"DEBUG=1",
					"$(inherited)",
				);
				GCC_WARN_64_TO_32_BIT_CONVERSION = YES;
				GCC_WARN_ABOUT_RETURN_TYPE = YES_ERROR;
				GCC_WARN_UNDECLARED_SELECTOR = YES;
				GCC_WARN_UNINITIALIZED_AUTOS = YES_AGGRESSIVE;
				GCC_WARN_UNUSED_FUNCTION = YES;
				GCC_WARN_UNUSED_VARIABLE = YES;
				IPHONEOS_DEPLOYMENT_TARGET = 14.4;
				MTL_ENABLE_DEBUG_INFO = INCLUDE_SOURCE;
				MTL_FAST_MATH = YES;
				ONLY_ACTIVE_ARCH = YES;
				SDKROOT = iphoneos;
				SWIFT_ACTIVE_COMPILATION_CONDITIONS = DEBUG;
				SWIFT_OPTIMIZATION_LEVEL = "-Onone";
			};
			name = Debug;
		};
		EE7265812646F5A2006E1D26 /* Release */ = {
			isa = XCBuildConfiguration;
			buildSettings = {
				ALWAYS_SEARCH_USER_PATHS = NO;
				CLANG_ANALYZER_NONNULL = YES;
				CLANG_ANALYZER_NUMBER_OBJECT_CONVERSION = YES_AGGRESSIVE;
				CLANG_CXX_LANGUAGE_STANDARD = "gnu++14";
				CLANG_CXX_LIBRARY = "libc++";
				CLANG_ENABLE_MODULES = YES;
				CLANG_ENABLE_OBJC_ARC = YES;
				CLANG_ENABLE_OBJC_WEAK = YES;
				CLANG_WARN_BLOCK_CAPTURE_AUTORELEASING = YES;
				CLANG_WARN_BOOL_CONVERSION = YES;
				CLANG_WARN_COMMA = YES;
				CLANG_WARN_CONSTANT_CONVERSION = YES;
				CLANG_WARN_DEPRECATED_OBJC_IMPLEMENTATIONS = YES;
				CLANG_WARN_DIRECT_OBJC_ISA_USAGE = YES_ERROR;
				CLANG_WARN_DOCUMENTATION_COMMENTS = YES;
				CLANG_WARN_EMPTY_BODY = YES;
				CLANG_WARN_ENUM_CONVERSION = YES;
				CLANG_WARN_INFINITE_RECURSION = YES;
				CLANG_WARN_INT_CONVERSION = YES;
				CLANG_WARN_NON_LITERAL_NULL_CONVERSION = YES;
				CLANG_WARN_OBJC_IMPLICIT_RETAIN_SELF = YES;
				CLANG_WARN_OBJC_LITERAL_CONVERSION = YES;
				CLANG_WARN_OBJC_ROOT_CLASS = YES_ERROR;
				CLANG_WARN_QUOTED_INCLUDE_IN_FRAMEWORK_HEADER = YES;
				CLANG_WARN_RANGE_LOOP_ANALYSIS = YES;
				CLANG_WARN_STRICT_PROTOTYPES = YES;
				CLANG_WARN_SUSPICIOUS_MOVE = YES;
				CLANG_WARN_UNGUARDED_AVAILABILITY = YES_AGGRESSIVE;
				CLANG_WARN_UNREACHABLE_CODE = YES;
				CLANG_WARN__DUPLICATE_METHOD_MATCH = YES;
				COPY_PHASE_STRIP = NO;
				DEBUG_INFORMATION_FORMAT = "dwarf-with-dsym";
				ENABLE_NS_ASSERTIONS = NO;
				ENABLE_STRICT_OBJC_MSGSEND = YES;
				GCC_C_LANGUAGE_STANDARD = gnu11;
				GCC_NO_COMMON_BLOCKS = YES;
				GCC_WARN_64_TO_32_BIT_CONVERSION = YES;
				GCC_WARN_ABOUT_RETURN_TYPE = YES_ERROR;
				GCC_WARN_UNDECLARED_SELECTOR = YES;
				GCC_WARN_UNINITIALIZED_AUTOS = YES_AGGRESSIVE;
				GCC_WARN_UNUSED_FUNCTION = YES;
				GCC_WARN_UNUSED_VARIABLE = YES;
				IPHONEOS_DEPLOYMENT_TARGET = 14.4;
				MTL_ENABLE_DEBUG_INFO = NO;
				MTL_FAST_MATH = YES;
				SDKROOT = iphoneos;
				SWIFT_COMPILATION_MODE = wholemodule;
				SWIFT_OPTIMIZATION_LEVEL = "-O";
				VALIDATE_PRODUCT = YES;
			};
			name = Release;
		};
		EE7265832646F5A2006E1D26 /* Debug */ = {
			isa = XCBuildConfiguration;
			buildSettings = {
				ASSETCATALOG_COMPILER_APPICON_NAME = AppIcon;
				ASSETCATALOG_COMPILER_GLOBAL_ACCENT_COLOR_NAME = AccentColor;
				CODE_SIGN_STYLE = Automatic;
				DEVELOPMENT_ASSET_PATHS = "\"EmojiGuess/Preview Content\"";
				DEVELOPMENT_TEAM = 7FZ5UVTS24;
				ENABLE_PREVIEWS = YES;
				INFOPLIST_FILE = EmojiGuess/Info.plist;
				IPHONEOS_DEPLOYMENT_TARGET = 14.0;
				LD_RUNPATH_SEARCH_PATHS = (
					"$(inherited)",
					"@executable_path/Frameworks",
				);
				PRODUCT_BUNDLE_IDENTIFIER = com.MeerkatWorks.EmojiGuess;
				PRODUCT_NAME = "$(TARGET_NAME)";
				SWIFT_VERSION = 5.0;
				TARGETED_DEVICE_FAMILY = "1,2";
			};
			name = Debug;
		};
		EE7265842646F5A2006E1D26 /* Release */ = {
			isa = XCBuildConfiguration;
			buildSettings = {
				ASSETCATALOG_COMPILER_APPICON_NAME = AppIcon;
				ASSETCATALOG_COMPILER_GLOBAL_ACCENT_COLOR_NAME = AccentColor;
				CODE_SIGN_STYLE = Automatic;
				DEVELOPMENT_ASSET_PATHS = "\"EmojiGuess/Preview Content\"";
				DEVELOPMENT_TEAM = 7FZ5UVTS24;
				ENABLE_PREVIEWS = YES;
				INFOPLIST_FILE = EmojiGuess/Info.plist;
				IPHONEOS_DEPLOYMENT_TARGET = 14.0;
				LD_RUNPATH_SEARCH_PATHS = (
					"$(inherited)",
					"@executable_path/Frameworks",
				);
				PRODUCT_BUNDLE_IDENTIFIER = com.MeerkatWorks.EmojiGuess;
				PRODUCT_NAME = "$(TARGET_NAME)";
				SWIFT_VERSION = 5.0;
				TARGETED_DEVICE_FAMILY = "1,2";
			};
			name = Release;
		};
/* End XCBuildConfiguration section */

/* Begin XCConfigurationList section */
		EE72656E2646F59D006E1D26 /* Build configuration list for PBXProject "EmojiGuess" */ = {
			isa = XCConfigurationList;
			buildConfigurations = (
				EE7265802646F5A2006E1D26 /* Debug */,
				EE7265812646F5A2006E1D26 /* Release */,
			);
			defaultConfigurationIsVisible = 0;
			defaultConfigurationName = Release;
		};
		EE7265822646F5A2006E1D26 /* Build configuration list for PBXNativeTarget "EmojiGuess" */ = {
			isa = XCConfigurationList;
			buildConfigurations = (
				EE7265832646F5A2006E1D26 /* Debug */,
				EE7265842646F5A2006E1D26 /* Release */,
			);
			defaultConfigurationIsVisible = 0;
			defaultConfigurationName = Release;
		};
/* End XCConfigurationList section */
	};
	rootObject = EE72656B2646F59D006E1D26 /* Project object */;
}
